
Microsoft Visual Studio Solution File, Format Version 12.00
# Visual Studio 15
VisualStudioVersion = 15.0.27004.2009
MinimumVisualStudioVersion = 10.0.40219.1
Project("{FAE04EC0-301F-11D3-BF4B-00C04F79EFBC}") = "SamAPI", "SamAPI\SamAPI.csproj", "{EF80AC1F-CE29-4905-9276-D6F92662938E}"
EndProject
Project("{FAE04EC0-301F-11D3-BF4B-00C04F79EFBC}") = "SamDataAccess", "SamDataAccess\SamDataAccess.csproj", "{D20A02E3-FDEE-4C4B-A655-CC9B0AC1AAC5}"
EndProject
Global
	GlobalSection(SolutionConfigurationPlatforms) = preSolution
		Debug|Any CPU = Debug|Any CPU
		Release|Any CPU = Release|Any CPU
	EndGlobalSection
	GlobalSection(ProjectConfigurationPlatforms) = postSolution
		{EF80AC1F-CE29-4905-9276-D6F92662938E}.Debug|Any CPU.ActiveCfg = Debug|Any CPU
		{EF80AC1F-CE29-4905-9276-D6F92662938E}.Debug|Any CPU.Build.0 = Debug|Any CPU
		{EF80AC1F-CE29-4905-9276-D6F92662938E}.Release|Any CPU.ActiveCfg = Release|Any CPU
		{EF80AC1F-CE29-4905-9276-D6F92662938E}.Release|Any CPU.Build.0 = Release|Any CPU
		{D20A02E3-FDEE-4C4B-A655-CC9B0AC1AAC5}.Debug|Any CPU.ActiveCfg = Debug|Any CPU
		{D20A02E3-FDEE-4C4B-A655-CC9B0AC1AAC5}.Debug|Any CPU.Build.0 = Debug|Any CPU
		{D20A02E3-FDEE-4C4B-A655-CC9B0AC1AAC5}.Release|Any CPU.ActiveCfg = Release|Any CPU
		{D20A02E3-FDEE-4C4B-A655-CC9B0AC1AAC5}.Release|Any CPU.Build.0 = Release|Any CPU
	EndGlobalSection
	GlobalSection(SolutionProperties) = preSolution
		HideSolutionNode = FALSE
	EndGlobalSection
	GlobalSection(ExtensibilityGlobals) = postSolution
		SolutionGuid = {39F02CB1-12C0-4819-9AC1-5E5F4361E881}
	EndGlobalSection
EndGlobal
